// !$*UTF8*$!
{
	archiveVersion = 1;
	classes = {
	};
	objectVersion = 50;
	objects = {

/* Begin PBXBuildFile section */
		04B7C7AB2213643A0055F5EE /* AppDelegate.swift in Sources */ = {isa = PBXBuildFile; fileRef = 04B7C7AA2213643A0055F5EE /* AppDelegate.swift */; };
		04B7C7AD2213643B0055F5EE /* MainVC.swift in Sources */ = {isa = PBXBuildFile; fileRef = 04B7C7AC2213643B0055F5EE /* MainVC.swift */; };
		04B7C7B02213643B0055F5EE /* Main.storyboard in Resources */ = {isa = PBXBuildFile; fileRef = 04B7C7AE2213643B0055F5EE /* Main.storyboard */; };
		04B7C7B22213643C0055F5EE /* Assets.xcassets in Resources */ = {isa = PBXBuildFile; fileRef = 04B7C7B12213643C0055F5EE /* Assets.xcassets */; };
		04B7C7B52213643C0055F5EE /* LaunchScreen.storyboard in Resources */ = {isa = PBXBuildFile; fileRef = 04B7C7B32213643C0055F5EE /* LaunchScreen.storyboard */; };
		04B7C7BF2213652F0055F5EE /* CurrencuTextField.swift in Sources */ = {isa = PBXBuildFile; fileRef = 04B7C7BE2213652F0055F5EE /* CurrencuTextField.swift */; };
		04B7C7CB2213706F0055F5EE /* FreeLancing_AppTests.swift in Sources */ = {isa = PBXBuildFile; fileRef = 04B7C7CA2213706F0055F5EE /* FreeLancing_AppTests.swift */; };
		04B7C7D4221370940055F5EE /* Wage.swift in Sources */ = {isa = PBXBuildFile; fileRef = 04B7C7D3221370940055F5EE /* Wage.swift */; };
		04B7C7D52213722B0055F5EE /* Wage.swift in Sources */ = {isa = PBXBuildFile; fileRef = 04B7C7D3221370940055F5EE /* Wage.swift */; };
/* End PBXBuildFile section */

/* Begin PBXContainerItemProxy section */
		04B7C7CD2213706F0055F5EE /* PBXContainerItemProxy */ = {
			isa = PBXContainerItemProxy;
			containerPortal = 04B7C79F2213643A0055F5EE /* Project object */;
			proxyType = 1;
			remoteGlobalIDString = 04B7C7A62213643A0055F5EE;
			remoteInfo = "FreeLancing App";
		};
/* End PBXContainerItemProxy section */

/* Begin PBXFileReference section */
		04B7C7A72213643A0055F5EE /* FreeLancing App.app */ = {isa = PBXFileReference; explicitFileType = wrapper.application; includeInIndex = 0; path = "FreeLancing App.app"; sourceTree = BUILT_PRODUCTS_DIR; };
		04B7C7AA2213643A0055F5EE /* AppDelegate.swift */ = {isa = PBXFileReference; lastKnownFileType = sourcecode.swift; path = AppDelegate.swift; sourceTree = "<group>"; };
		04B7C7AC2213643B0055F5EE /* MainVC.swift */ = {isa = PBXFileReference; lastKnownFileType = sourcecode.swift; path = MainVC.swift; sourceTree = "<group>"; };
		04B7C7AF2213643B0055F5EE /* Base */ = {isa = PBXFileReference; lastKnownFileType = file.storyboard; name = Base; path = Base.lproj/Main.storyboard; sourceTree = "<group>"; };
		04B7C7B12213643C0055F5EE /* Assets.xcassets */ = {isa = PBXFileReference; lastKnownFileType = folder.assetcatalog; path = Assets.xcassets; sourceTree = "<group>"; };
		04B7C7B42213643C0055F5EE /* Base */ = {isa = PBXFileReference; lastKnownFileType = file.storyboard; name = Base; path = Base.lproj/LaunchScreen.storyboard; sourceTree = "<group>"; };
		04B7C7B62213643C0055F5EE /* Info.plist */ = {isa = PBXFileReference; lastKnownFileType = text.plist.xml; path = Info.plist; sourceTree = "<group>"; };
		04B7C7BE2213652F0055F5EE /* CurrencuTextField.swift */ = {isa = PBXFileReference; lastKnownFileType = sourcecode.swift; path = CurrencuTextField.swift; sourceTree = "<group>"; };
		04B7C7C82213706F0055F5EE /* FreeLancing AppTests.xctest */ = {isa = PBXFileReference; explicitFileType = wrapper.cfbundle; includeInIndex = 0; path = "FreeLancing AppTests.xctest"; sourceTree = BUILT_PRODUCTS_DIR; };
		04B7C7CA2213706F0055F5EE /* FreeLancing_AppTests.swift */ = {isa = PBXFileReference; lastKnownFileType = sourcecode.swift; path = FreeLancing_AppTests.swift; sourceTree = "<group>"; };
		04B7C7CC2213706F0055F5EE /* Info.plist */ = {isa = PBXFileReference; lastKnownFileType = text.plist.xml; path = Info.plist; sourceTree = "<group>"; };
		04B7C7D3221370940055F5EE /* Wage.swift */ = {isa = PBXFileReference; lastKnownFileType = sourcecode.swift; path = Wage.swift; sourceTree = "<group>"; };
/* End PBXFileReference section */

/* Begin PBXFrameworksBuildPhase section */
		04B7C7A42213643A0055F5EE /* Frameworks */ = {
			isa = PBXFrameworksBuildPhase;
			buildActionMask = 2147483647;
			files = (
			);
			runOnlyForDeploymentPostprocessing = 0;
		};
		04B7C7C52213706F0055F5EE /* Frameworks */ = {
			isa = PBXFrameworksBuildPhase;
			buildActionMask = 2147483647;
			files = (
			);
			runOnlyForDeploymentPostprocessing = 0;
		};
/* End PBXFrameworksBuildPhase section */

/* Begin PBXGroup section */
		04B7C79E2213643A0055F5EE = {
			isa = PBXGroup;
			children = (
				04B7C7A92213643A0055F5EE /* FreeLancing App */,
				04B7C7C92213706F0055F5EE /* FreeLancing AppTests */,
				04B7C7A82213643A0055F5EE /* Products */,
			);
			sourceTree = "<group>";
		};
		04B7C7A82213643A0055F5EE /* Products */ = {
			isa = PBXGroup;
			children = (
				04B7C7A72213643A0055F5EE /* FreeLancing App.app */,
				04B7C7C82213706F0055F5EE /* FreeLancing AppTests.xctest */,
			);
			name = Products;
			sourceTree = "<group>";
		};
		04B7C7A92213643A0055F5EE /* FreeLancing App */ = {
			isa = PBXGroup;
			children = (
				04B7C7D2221370830055F5EE /* Model */,
				04B7C7BD221364E50055F5EE /* Views */,
				04B7C7BC221364D80055F5EE /* Controllers */,
				04B7C7AA2213643A0055F5EE /* AppDelegate.swift */,
				04B7C7AE2213643B0055F5EE /* Main.storyboard */,
				04B7C7B12213643C0055F5EE /* Assets.xcassets */,
				04B7C7B32213643C0055F5EE /* LaunchScreen.storyboard */,
				04B7C7B62213643C0055F5EE /* Info.plist */,
			);
			path = "FreeLancing App";
			sourceTree = "<group>";
		};
		04B7C7BC221364D80055F5EE /* Controllers */ = {
			isa = PBXGroup;
			children = (
				04B7C7AC2213643B0055F5EE /* MainVC.swift */,
			);
			path = Controllers;
			sourceTree = "<group>";
		};
		04B7C7BD221364E50055F5EE /* Views */ = {
			isa = PBXGroup;
			children = (
				04B7C7BE2213652F0055F5EE /* CurrencuTextField.swift */,
			);
			path = Views;
			sourceTree = "<group>";
		};
		04B7C7C92213706F0055F5EE /* FreeLancing AppTests */ = {
			isa = PBXGroup;
			children = (
				04B7C7CA2213706F0055F5EE /* FreeLancing_AppTests.swift */,
				04B7C7CC2213706F0055F5EE /* Info.plist */,
			);
			path = "FreeLancing AppTests";
			sourceTree = "<group>";
		};
		04B7C7D2221370830055F5EE /* Model */ = {
			isa = PBXGroup;
			children = (
				04B7C7D3221370940055F5EE /* Wage.swift */,
			);
			path = Model;
			sourceTree = "<group>";
		};
/* End PBXGroup section */

/* Begin PBXNativeTarget section */
		04B7C7A62213643A0055F5EE /* FreeLancing App */ = {
			isa = PBXNativeTarget;
			buildConfigurationList = 04B7C7B92213643C0055F5EE /* Build configuration list for PBXNativeTarget "FreeLancing App" */;
			buildPhases = (
				04B7C7A32213643A0055F5EE /* Sources */,
				04B7C7A42213643A0055F5EE /* Frameworks */,
				04B7C7A52213643A0055F5EE /* Resources */,
			);
			buildRules = (
			);
			dependencies = (
			);
			name = "FreeLancing App";
			productName = "FreeLancing App";
			productReference = 04B7C7A72213643A0055F5EE /* FreeLancing App.app */;
			productType = "com.apple.product-type.application";
		};
		04B7C7C72213706F0055F5EE /* FreeLancing AppTests */ = {
			isa = PBXNativeTarget;
			buildConfigurationList = 04B7C7CF2213706F0055F5EE /* Build configuration list for PBXNativeTarget "FreeLancing AppTests" */;
			buildPhases = (
				04B7C7C42213706F0055F5EE /* Sources */,
				04B7C7C52213706F0055F5EE /* Frameworks */,
				04B7C7C62213706F0055F5EE /* Resources */,
			);
			buildRules = (
			);
			dependencies = (
				04B7C7CE2213706F0055F5EE /* PBXTargetDependency */,
			);
			name = "FreeLancing AppTests";
			productName = "FreeLancing AppTests";
			productReference = 04B7C7C82213706F0055F5EE /* FreeLancing AppTests.xctest */;
			productType = "com.apple.product-type.bundle.unit-test";
		};
/* End PBXNativeTarget section */

/* Begin PBXProject section */
		04B7C79F2213643A0055F5EE /* Project object */ = {
			isa = PBXProject;
			attributes = {
				LastSwiftUpdateCheck = 1010;
				LastUpgradeCheck = 1010;
				ORGANIZATIONNAME = sHiKoOo;
				TargetAttributes = {
					04B7C7A62213643A0055F5EE = {
						CreatedOnToolsVersion = 10.1;
					};
					04B7C7C72213706F0055F5EE = {
						CreatedOnToolsVersion = 10.1;
						TestTargetID = 04B7C7A62213643A0055F5EE;
					};
				};
			};
			buildConfigurationList = 04B7C7A22213643A0055F5EE /* Build configuration list for PBXProject "FreeLancing App" */;
			compatibilityVersion = "Xcode 9.3";
			developmentRegion = en;
			hasScannedForEncodings = 0;
			knownRegions = (
				en,
				Base,
			);
			mainGroup = 04B7C79E2213643A0055F5EE;
			productRefGroup = 04B7C7A82213643A0055F5EE /* Products */;
			projectDirPath = "";
			projectRoot = "";
			targets = (
				04B7C7A62213643A0055F5EE /* FreeLancing App */,
				04B7C7C72213706F0055F5EE /* FreeLancing AppTests */,
			);
		};
/* End PBXProject section */

/* Begin PBXResourcesBuildPhase section */
		04B7C7A52213643A0055F5EE /* Resources */ = {
			isa = PBXResourcesBuildPhase;
			buildActionMask = 2147483647;
			files = (
				04B7C7B52213643C0055F5EE /* LaunchScreen.storyboard in Resources */,
				04B7C7B22213643C0055F5EE /* Assets.xcassets in Resources */,
				04B7C7B02213643B0055F5EE /* Main.storyboard in Resources */,
			);
			runOnlyForDeploymentPostprocessing = 0;
		};
		04B7C7C62213706F0055F5EE /* Resources */ = {
			isa = PBXResourcesBuildPhase;
			buildActionMask = 2147483647;
			files = (
			);
			runOnlyForDeploymentPostprocessing = 0;
		};
/* End PBXResourcesBuildPhase section */

/* Begin PBXSourcesBuildPhase section */
		04B7C7A32213643A0055F5EE /* Sources */ = {
			isa = PBXSourcesBuildPhase;
			buildActionMask = 2147483647;
			files = (
				04B7C7BF2213652F0055F5EE /* CurrencuTextField.swift in Sources */,
				04B7C7D4221370940055F5EE /* Wage.swift in Sources */,
				04B7C7AD2213643B0055F5EE /* MainVC.swift in Sources */,
				04B7C7AB2213643A0055F5EE /* AppDelegate.swift in Sources */,
			);
			runOnlyForDeploymentPostprocessing = 0;
		};
		04B7C7C42213706F0055F5EE /* Sources */ = {
			isa = PBXSourcesBuildPhase;
			buildActionMask = 2147483647;
			files = (
				04B7C7CB2213706F0055F5EE /* FreeLancing_AppTests.swift in Sources */,
				04B7C7D52213722B0055F5EE /* Wage.swift in Sources */,
			);
			runOnlyForDeploymentPostprocessing = 0;
		};
/* End PBXSourcesBuildPhase section */

/* Begin PBXTargetDependency section */
		04B7C7CE2213706F0055F5EE /* PBXTargetDependency */ = {
			isa = PBXTargetDependency;
			target = 04B7C7A62213643A0055F5EE /* FreeLancing App */;
			targetProxy = 04B7C7CD2213706F0055F5EE /* PBXContainerItemProxy */;
		};
/* End PBXTargetDependency section */

/* Begin PBXVariantGroup section */
		04B7C7AE2213643B0055F5EE /* Main.storyboard */ = {
			isa = PBXVariantGroup;
			children = (
				04B7C7AF2213643B0055F5EE /* Base */,
			);
			name = Main.storyboard;
			sourceTree = "<group>";
		};
		04B7C7B32213643C0055F5EE /* LaunchScreen.storyboard */ = {
			isa = PBXVariantGroup;
			children = (
				04B7C7B42213643C0055F5EE /* Base */,
			);
			name = LaunchScreen.storyboard;
			sourceTree = "<group>";
		};
/* End PBXVariantGroup section */

/* Begin XCBuildConfiguration section */
		04B7C7B72213643C0055F5EE /* Debug */ = {
			isa = XCBuildConfiguration;
			buildSettings = {
				ALWAYS_SEARCH_USER_PATHS = NO;
				CLANG_ANALYZER_NONNULL = YES;
				CLANG_ANALYZER_NUMBER_OBJECT_CONVERSION = YES_AGGRESSIVE;
				CLANG_CXX_LANGUAGE_STANDARD = "gnu++14";
				CLANG_CXX_LIBRARY = "libc++";
				CLANG_ENABLE_MODULES = YES;
				CLANG_ENABLE_OBJC_ARC = YES;
				CLANG_ENABLE_OBJC_WEAK = YES;
				CLANG_WARN_BLOCK_CAPTURE_AUTORELEASING = YES;
				CLANG_WARN_BOOL_CONVERSION = YES;
				CLANG_WARN_COMMA = YES;
				CLANG_WARN_CONSTANT_CONVERSION = YES;
				CLANG_WARN_DEPRECATED_OBJC_IMPLEMENTATIONS = YES;
				CLANG_WARN_DIRECT_OBJC_ISA_USAGE = YES_ERROR;
				CLANG_WARN_DOCUMENTATION_COMMENTS = YES;
				CLANG_WARN_EMPTY_BODY = YES;
				CLANG_WARN_ENUM_CONVERSION = YES;
				CLANG_WARN_INFINITE_RECURSION = YES;
				CLANG_WARN_INT_CONVERSION = YES;
				CLANG_WARN_NON_LITERAL_NULL_CONVERSION = YES;
				CLANG_WARN_OBJC_IMPLICIT_RETAIN_SELF = YES;
				CLANG_WARN_OBJC_LITERAL_CONVERSION = YES;
				CLANG_WARN_OBJC_ROOT_CLASS = YES_ERROR;
				CLANG_WARN_RANGE_LOOP_ANALYSIS = YES;
				CLANG_WARN_STRICT_PROTOTYPES = YES;
				CLANG_WARN_SUSPICIOUS_MOVE = YES;
				CLANG_WARN_UNGUARDED_AVAILABILITY = YES_AGGRESSIVE;
				CLANG_WARN_UNREACHABLE_CODE = YES;
				CLANG_WARN__DUPLICATE_METHOD_MATCH = YES;
				CODE_SIGN_IDENTITY = "iPhone Developer";
				COPY_PHASE_STRIP = NO;
				DEBUG_INFORMATION_FORMAT = dwarf;
				ENABLE_STRICT_OBJC_MSGSEND = YES;
				ENABLE_TESTABILITY = YES;
				GCC_C_LANGUAGE_STANDARD = gnu11;
				GCC_DYNAMIC_NO_PIC = NO;
				GCC_NO_COMMON_BLOCKS = YES;
				GCC_OPTIMIZATION_LEVEL = 0;
				GCC_PREPROCESSOR_DEFINITIONS = (
					"DEBUG=1",
					"$(inherited)",
				);
				GCC_WARN_64_TO_32_BIT_CONVERSION = YES;
				GCC_WARN_ABOUT_RETURN_TYPE = YES_ERROR;
				GCC_WARN_UNDECLARED_SELECTOR = YES;
				GCC_WARN_UNINITIALIZED_AUTOS = YES_AGGRESSIVE;
				GCC_WARN_UNUSED_FUNCTION = YES;
				GCC_WARN_UNUSED_VARIABLE = YES;
				IPHONEOS_DEPLOYMENT_TARGET = 12.1;
				MTL_ENABLE_DEBUG_INFO = INCLUDE_SOURCE;
				MTL_FAST_MATH = YES;
				ONLY_ACTIVE_ARCH = YES;
				SDKROOT = iphoneos;
				SWIFT_ACTIVE_COMPILATION_CONDITIONS = DEBUG;
				SWIFT_OPTIMIZATION_LEVEL = "-Onone";
			};
			name = Debug;
		};
		04B7C7B82213643C0055F5EE /* Release */ = {
			isa = XCBuildConfiguration;
			buildSettings = {
				ALWAYS_SEARCH_USER_PATHS = NO;
				CLANG_ANALYZER_NONNULL = YES;
				CLANG_ANALYZER_NUMBER_OBJECT_CONVERSION = YES_AGGRESSIVE;
				CLANG_CXX_LANGUAGE_STANDARD = "gnu++14";
				CLANG_CXX_LIBRARY = "libc++";
				CLANG_ENABLE_MODULES = YES;
				CLANG_ENABLE_OBJC_ARC = YES;
				CLANG_ENABLE_OBJC_WEAK = YES;
				CLANG_WARN_BLOCK_CAPTURE_AUTORELEASING = YES;
				CLANG_WARN_BOOL_CONVERSION = YES;
				CLANG_WARN_COMMA = YES;
				CLANG_WARN_CONSTANT_CONVERSION = YES;
				CLANG_WARN_DEPRECATED_OBJC_IMPLEMENTATIONS = YES;
				CLANG_WARN_DIRECT_OBJC_ISA_USAGE = YES_ERROR;
				CLANG_WARN_DOCUMENTATION_COMMENTS = YES;
				CLANG_WARN_EMPTY_BODY = YES;
				CLANG_WARN_ENUM_CONVERSION = YES;
				CLANG_WARN_INFINITE_RECURSION = YES;
				CLANG_WARN_INT_CONVERSION = YES;
				CLANG_WARN_NON_LITERAL_NULL_CONVERSION = YES;
				CLANG_WARN_OBJC_IMPLICIT_RETAIN_SELF = YES;
				CLANG_WARN_OBJC_LITERAL_CONVERSION = YES;
				CLANG_WARN_OBJC_ROOT_CLASS = YES_ERROR;
				CLANG_WARN_RANGE_LOOP_ANALYSIS = YES;
				CLANG_WARN_STRICT_PROTOTYPES = YES;
				CLANG_WARN_SUSPICIOUS_MOVE = YES;
				CLANG_WARN_UNGUARDED_AVAILABILITY = YES_AGGRESSIVE;
				CLANG_WARN_UNREACHABLE_CODE = YES;
				CLANG_WARN__DUPLICATE_METHOD_MATCH = YES;
				CODE_SIGN_IDENTITY = "iPhone Developer";
				COPY_PHASE_STRIP = NO;
				DEBUG_INFORMATION_FORMAT = "dwarf-with-dsym";
				ENABLE_NS_ASSERTIONS = NO;
				ENABLE_STRICT_OBJC_MSGSEND = YES;
				GCC_C_LANGUAGE_STANDARD = gnu11;
				GCC_NO_COMMON_BLOCKS = YES;
				GCC_WARN_64_TO_32_BIT_CONVERSION = YES;
				GCC_WARN_ABOUT_RETURN_TYPE = YES_ERROR;
				GCC_WARN_UNDECLARED_SELECTOR = YES;
				GCC_WARN_UNINITIALIZED_AUTOS = YES_AGGRESSIVE;
				GCC_WARN_UNUSED_FUNCTION = YES;
				GCC_WARN_UNUSED_VARIABLE = YES;
				IPHONEOS_DEPLOYMENT_TARGET = 12.1;
				MTL_ENABLE_DEBUG_INFO = NO;
				MTL_FAST_MATH = YES;
				SDKROOT = iphoneos;
				SWIFT_COMPILATION_MODE = wholemodule;
				SWIFT_OPTIMIZATION_LEVEL = "-O";
				VALIDATE_PRODUCT = YES;
			};
			name = Release;
		};
		04B7C7BA2213643C0055F5EE /* Debug */ = {
			isa = XCBuildConfiguration;
			buildSettings = {
				ASSETCATALOG_COMPILER_APPICON_NAME = AppIcon;
				CODE_SIGN_STYLE = Automatic;
				DEVELOPMENT_TEAM = F7S769X964;
				INFOPLIST_FILE = "FreeLancing App/Info.plist";
				LD_RUNPATH_SEARCH_PATHS = (
					"$(inherited)",
					"@executable_path/Frameworks",
				);
				PRODUCT_BUNDLE_IDENTIFIER = "com.ahmadshraby.FreeLancing-App";
				PRODUCT_NAME = "$(TARGET_NAME)";
				SWIFT_VERSION = 4.2;
				TARGETED_DEVICE_FAMILY = "1,2";
			};
			name = Debug;
		};
		04B7C7BB2213643C0055F5EE /* Release */ = {
			isa = XCBuildConfiguration;
			buildSettings = {
				ASSETCATALOG_COMPILER_APPICON_NAME = AppIcon;
				CODE_SIGN_STYLE = Automatic;
				DEVELOPMENT_TEAM = F7S769X964;
				INFOPLIST_FILE = "FreeLancing App/Info.plist";
				LD_RUNPATH_SEARCH_PATHS = (
					"$(inherited)",
					"@executable_path/Frameworks",
				);
				PRODUCT_BUNDLE_IDENTIFIER = "com.ahmadshraby.FreeLancing-App";
				PRODUCT_NAME = "$(TARGET_NAME)";
				SWIFT_VERSION = 4.2;
				TARGETED_DEVICE_FAMILY = "1,2";
			};
			name = Release;
		};
		04B7C7D02213706F0055F5EE /* Debug */ = {
			isa = XCBuildConfiguration;
			buildSettings = {
				BUNDLE_LOADER = "$(TEST_HOST)";
				CODE_SIGN_STYLE = Automatic;
				DEVELOPMENT_TEAM = F7S769X964;
				INFOPLIST_FILE = "FreeLancing AppTests/Info.plist";
				LD_RUNPATH_SEARCH_PATHS = (
					"$(inherited)",
					"@executable_path/Frameworks",
					"@loader_path/Frameworks",
				);
				PRODUCT_BUNDLE_IDENTIFIER = "com.ahmadshraby.FreeLancing-AppTests";
				PRODUCT_NAME = "$(TARGET_NAME)";
				SWIFT_VERSION = 4.2;
				TARGETED_DEVICE_FAMILY = "1,2";
				TEST_HOST = "$(BUILT_PRODUCTS_DIR)/FreeLancing App.app/FreeLancing App";
			};
			name = Debug;
		};
		04B7C7D12213706F0055F5EE /* Release */ = {
			isa = XCBuildConfiguration;
			buildSettings = {
				BUNDLE_LOADER = "$(TEST_HOST)";
				CODE_SIGN_STYLE = Automatic;
				DEVELOPMENT_TEAM = F7S769X964;
				INFOPLIST_FILE = "FreeLancing AppTests/Info.plist";
				LD_RUNPATH_SEARCH_PATHS = (
					"$(inherited)",
					"@executable_path/Frameworks",
					"@loader_path/Frameworks",
				);
				PRODUCT_BUNDLE_IDENTIFIER = "com.ahmadshraby.FreeLancing-AppTests";
				PRODUCT_NAME = "$(TARGET_NAME)";
				SWIFT_VERSION = 4.2;
				TARGETED_DEVICE_FAMILY = "1,2";
				TEST_HOST = "$(BUILT_PRODUCTS_DIR)/FreeLancing App.app/FreeLancing App";
			};
			name = Release;
		};
/* End XCBuildConfiguration section */

/* Begin XCConfigurationList section */
		04B7C7A22213643A0055F5EE /* Build configuration list for PBXProject "FreeLancing App" */ = {
			isa = XCConfigurationList;
			buildConfigurations = (
				04B7C7B72213643C0055F5EE /* Debug */,
				04B7C7B82213643C0055F5EE /* Release */,
			);
			defaultConfigurationIsVisible = 0;
			defaultConfigurationName = Release;
		};
		04B7C7B92213643C0055F5EE /* Build configuration list for PBXNativeTarget "FreeLancing App" */ = {
			isa = XCConfigurationList;
			buildConfigurations = (
				04B7C7BA2213643C0055F5EE /* Debug */,
				04B7C7BB2213643C0055F5EE /* Release */,
			);
			defaultConfigurationIsVisible = 0;
			defaultConfigurationName = Release;
		};
		04B7C7CF2213706F0055F5EE /* Build configuration list for PBXNativeTarget "FreeLancing AppTests" */ = {
			isa = XCConfigurationList;
			buildConfigurations = (
				04B7C7D02213706F0055F5EE /* Debug */,
				04B7C7D12213706F0055F5EE /* Release */,
			);
			defaultConfigurationIsVisible = 0;
			defaultConfigurationName = Release;
		};
/* End XCConfigurationList section */
	};
	rootObject = 04B7C79F2213643A0055F5EE /* Project object */;
}
